
Microsoft Visual Studio Solution File, Format Version 12.00
# Visual Studio Version 16
VisualStudioVersion = 16.0.29102.190
MinimumVisualStudioVersion = 10.0.40219.1
Project("{8BC9CEB8-8B4A-11D0-8D11-00A0C91BC942}") = "Parallel_CUDA_dp", "Parallel_CUDA_dp\Parallel_CUDA_dp.vcxproj", "{EC4B1AC0-2DA4-4275-8A38-4934BF70B9F8}"
EndProject
Global
	GlobalSection(SolutionConfigurationPlatforms) = preSolution
		Debug|x64 = Debug|x64
		Release|x64 = Release|x64
	EndGlobalSection
	GlobalSection(ProjectConfigurationPlatforms) = postSolution
		{EC4B1AC0-2DA4-4275-8A38-4934BF70B9F8}.Debug|x64.ActiveCfg = Debug|x64
		{EC4B1AC0-2DA4-4275-8A38-4934BF70B9F8}.Debug|x64.Build.0 = Debug|x64
		{EC4B1AC0-2DA4-4275-8A38-4934BF70B9F8}.Release|x64.ActiveCfg = Release|x64
		{EC4B1AC0-2DA4-4275-8A38-4934BF70B9F8}.Release|x64.Build.0 = Release|x64
	EndGlobalSection
	GlobalSection(SolutionProperties) = preSolution
		HideSolutionNode = FALSE
	EndGlobalSection
	GlobalSection(ExtensibilityGlobals) = postSolution
		SolutionGuid = {00E77110-6514-4FF6-BB1E-A2E4F00793AC}
	EndGlobalSection
EndGlobal
